
Microsoft Visual Studio Solution File, Format Version 12.00
# Visual Studio Version 17
VisualStudioVersion = 17.7.34202.233
MinimumVisualStudioVersion = 10.0.40219.1
Project("{FAE04EC0-301F-11D3-BF4B-00C04F79EFBC}") = "TaskerApi", "TaskerApi\TaskerApi.csproj", "{9FDDB01D-565C-441D-AD79-DEEB4B6C6B76}"
EndProject
Global
	GlobalSection(SolutionConfigurationPlatforms) = preSolution
		Debug|Any CPU = Debug|Any CPU
		Release|Any CPU = Release|Any CPU
	EndGlobalSection
	GlobalSection(ProjectConfigurationPlatforms) = postSolution
		{9FDDB01D-565C-441D-AD79-DEEB4B6C6B76}.Debug|Any CPU.ActiveCfg = Debug|Any CPU
		{9FDDB01D-565C-441D-AD79-DEEB4B6C6B76}.Debug|Any CPU.Build.0 = Debug|Any CPU
		{9FDDB01D-565C-441D-AD79-DEEB4B6C6B76}.Release|Any CPU.ActiveCfg = Release|Any CPU
		{9FDDB01D-565C-441D-AD79-DEEB4B6C6B76}.Release|Any CPU.Build.0 = Release|Any CPU
	EndGlobalSection
	GlobalSection(SolutionProperties) = preSolution
		HideSolutionNode = FALSE
	EndGlobalSection
	GlobalSection(ExtensibilityGlobals) = postSolution
		SolutionGuid = {7391B4A6-42D5-4344-9E69-7695C5C8F533}
	EndGlobalSection
EndGlobal
